{
    "name": "jsonvalidate",
    "version": "1.0.0",
    "lockfileVersion": 1,
    "requires": true,
    "dependencies": {
        "ajv": {
            "version": "6.5.2",
            "resolved": "https://registry.npmjs.org/ajv/-/ajv-6.5.2.tgz",
            "integrity": "sha512-hOs7GfvI6tUI1LfZddH82ky6mOMyTuY0mk7kE2pWpmhhUSkumzaTO5vbVwij39MdwPQWCV4Zv57Eo06NtL/GVA==",
            "requires": {
                "fast-deep-equal": "^2.0.1",
                "fast-json-stable-stringify": "^2.0.0",
                "json-schema-traverse": "^0.4.1",
                "uri-js": "^4.2.1"
            }
        },
        "fast-deep-equal": {
            "version": "2.0.1",
            "resolved": "https://registry.npmjs.org/fast-deep-equal/-/fast-deep-equal-2.0.1.tgz",
            "integrity": "sha1-ewUhjd+WZ79/Nwv3/bLLFf3Qqkk="
        },
        "fast-json-stable-stringify": {
            "version": "2.0.0",
            "resolved": "https://registry.npmjs.org/fast-json-stable-stringify/-/fast-json-stable-stringify-2.0.0.tgz",
            "integrity": "sha1-1RQsDK7msRifh9OnYREGT4bIu/I="
        },
        "generate-function": {
            "version": "2.0.0",
            "resolved": "https://registry.npmjs.org/generate-function/-/generate-function-2.0.0.tgz",
            "integrity": "sha1-aFj+fAlpt9TpCTM3ZHrHn2DfvnQ="
        },
        "generate-object-property": {
            "version": "1.2.0",
            "resolved": "https://registry.npmjs.org/generate-object-property/-/generate-object-property-1.2.0.tgz",
            "integrity": "sha1-nA4cQDCM6AT0eDYYuTf6iPmdUNA=",
            "requires": {
                "is-property": "^1.0.0"
            }
        },
        "is-my-ip-valid": {
            "version": "1.0.0",
            "resolved": "https://registry.npmjs.org/is-my-ip-valid/-/is-my-ip-valid-1.0.0.tgz",
            "integrity": "sha512-gmh/eWXROncUzRnIa1Ubrt5b8ep/MGSnfAUI3aRp+sqTCs1tv1Isl8d8F6JmkN3dXKc3ehZMrtiPN9eL03NuaQ=="
        },
        "is-my-json-valid": {
            "version": "2.17.2",
            "resolved": "https://registry.npmjs.org/is-my-json-valid/-/is-my-json-valid-2.17.2.tgz",
            "integrity": "sha512-IBhBslgngMQN8DDSppmgDv7RNrlFotuuDsKcrCP3+HbFaVivIBU7u9oiiErw8sH4ynx3+gOGQ3q2otkgiSi6kg==",
            "requires": {
                "generate-function": "^2.0.0",
                "generate-object-property": "^1.1.0",
                "is-my-ip-valid": "^1.0.0",
                "jsonpointer": "^4.0.0",
                "xtend": "^4.0.0"
            }
        },
        "is-property": {
            "version": "1.0.2",
            "resolved": "https://registry.npmjs.org/is-property/-/is-property-1.0.2.tgz",
            "integrity": "sha1-V/4cTkhHTt1lsJkR8msc1Ald2oQ="
        },
        "json-schema-traverse": {
            "version": "0.4.1",
            "resolved": "https://registry.npmjs.org/json-schema-traverse/-/json-schema-traverse-0.4.1.tgz",
            "integrity": "sha512-xbbCH5dCYU5T8LcEhhuh7HJ88HXuW3qsI3Y0zOZFKfZEHcpWiHU/Jxzk629Brsab/mMiHQti9wMP+845RPe3Vg=="
        },
        "jsonpointer": {
            "version": "4.0.1",
            "resolved": "https://registry.npmjs.org/jsonpointer/-/jsonpointer-4.0.1.tgz",
            "integrity": "sha1-T9kss04OnbPInIYi7PUfm5eMbLk="
        },
        "punycode": {
            "version": "2.1.1",
            "resolved": "https://registry.npmjs.org/punycode/-/punycode-2.1.1.tgz",
            "integrity": "sha512-XRsRjdf+j5ml+y/6GKHPZbrF/8p2Yga0JPtdqTIY2Xe5ohJPD9saDJJLPvp9+NSBprVvevdXZybnj2cv8OEd0A=="
        },
        "uri-js": {
            "version": "4.2.2",
            "resolved": "https://registry.npmjs.org/uri-js/-/uri-js-4.2.2.tgz",
            "integrity": "sha512-KY9Frmirql91X2Qgjry0Wd4Y+YTdrdZheS8TFwvkbLWf/G5KNJDCh6pKL5OZctEW4+0Baa5idK2ZQuELRwPznQ==",
            "requires": {
                "punycode": "^2.1.0"
            }
        },
        "xtend": {
            "version": "4.0.1",
            "resolved": "https://registry.npmjs.org/xtend/-/xtend-4.0.1.tgz",
            "integrity": "sha1-pcbVMr5lbiPbgg77lDofBJmNY68="
        }
    }
}
